
Microsoft Visual Studio Solution File, Format Version 12.00
Project("{FAE04EC0-301F-11D3-BF4B-00C04F79EFBC}") = "Military", "Military\Military.csproj", "{11FBC798-BAF5-4EE5-9511-BE6DB0592F99}"
EndProject
Project("{FAE04EC0-301F-11D3-BF4B-00C04F79EFBC}") = "XenoCore", "..\XenoCore\XenoCore\XenoCore.csproj", "{B0FA96EB-E37E-4E3E-A402-F48FDCB353E3}"
EndProject
Global
	GlobalSection(SolutionConfigurationPlatforms) = preSolution
		Debug|Any CPU = Debug|Any CPU
		Release|Any CPU = Release|Any CPU
	EndGlobalSection
	GlobalSection(ProjectConfigurationPlatforms) = postSolution
		{11FBC798-BAF5-4EE5-9511-BE6DB0592F99}.Debug|Any CPU.ActiveCfg = Debug|Any CPU
		{11FBC798-BAF5-4EE5-9511-BE6DB0592F99}.Debug|Any CPU.Build.0 = Debug|Any CPU
		{11FBC798-BAF5-4EE5-9511-BE6DB0592F99}.Release|Any CPU.ActiveCfg = Release|Any CPU
		{11FBC798-BAF5-4EE5-9511-BE6DB0592F99}.Release|Any CPU.Build.0 = Release|Any CPU
		{B0FA96EB-E37E-4E3E-A402-F48FDCB353E3}.Debug|Any CPU.ActiveCfg = Debug|Any CPU
		{B0FA96EB-E37E-4E3E-A402-F48FDCB353E3}.Debug|Any CPU.Build.0 = Debug|Any CPU
		{B0FA96EB-E37E-4E3E-A402-F48FDCB353E3}.Release|Any CPU.ActiveCfg = Release|Any CPU
		{B0FA96EB-E37E-4E3E-A402-F48FDCB353E3}.Release|Any CPU.Build.0 = Release|Any CPU
	EndGlobalSection
EndGlobal
